
Microsoft Visual Studio Solution File, Format Version 12.00
# Visual Studio Version 17
VisualStudioVersion = 17.4.33403.182
MinimumVisualStudioVersion = 10.0.40219.1
Project("{FAE04EC0-301F-11D3-BF4B-00C04F79EFBC}") = "Book-DB", "Book-DB\Book-DB.csproj", "{26247184-2AD9-4E20-B189-3EA37C51681C}"
EndProject
Global
	GlobalSection(SolutionConfigurationPlatforms) = preSolution
		Debug|Any CPU = Debug|Any CPU
		Release|Any CPU = Release|Any CPU
	EndGlobalSection
	GlobalSection(ProjectConfigurationPlatforms) = postSolution
		{26247184-2AD9-4E20-B189-3EA37C51681C}.Debug|Any CPU.ActiveCfg = Debug|Any CPU
		{26247184-2AD9-4E20-B189-3EA37C51681C}.Debug|Any CPU.Build.0 = Debug|Any CPU
		{26247184-2AD9-4E20-B189-3EA37C51681C}.Release|Any CPU.ActiveCfg = Release|Any CPU
		{26247184-2AD9-4E20-B189-3EA37C51681C}.Release|Any CPU.Build.0 = Release|Any CPU
	EndGlobalSection
	GlobalSection(SolutionProperties) = preSolution
		HideSolutionNode = FALSE
	EndGlobalSection
	GlobalSection(ExtensibilityGlobals) = postSolution
		SolutionGuid = {A7BDFB50-1965-4289-A1DC-DD4AB2AEFBE4}
	EndGlobalSection
EndGlobal
